name: TFM_Agentes
channels:
  - conda-forge
  - defaults
dependencies:
  - _openmp_mutex=4.5=7_kmp_llvm
  - annotated-types=0.8.0=pyhd8ed1ab_0
  - asttokens=3.0.2=pyhd8ed1ab_0
  - backports.zstd=1.7.0=py311h6f959d0_0
  - blinker=1.9.0=pyhff2d567_0
  - brotli-python=1.2.0=py311heb3be6f_3
  - bzip2=1.0.8=hda65f42_10
  - ca-certificates=2026.7.22=hbd8a1cb_0
  - certifi=2026.7.22=pyhd8ed1ab_0
  - charset-normalizer=3.5.1=pyhd8ed1ab_0
  - click=8.4.2=pyhc90fa1f_0
  - comm=0.2.3=pyhe01879c_0
  - cpython=3.11.16=py311hd8ed1ab_0
  - cuda-crt-tools=12.9.86=ha770c72_2
  - cuda-cudart=12.9.79=h5888daf_0
  - cuda-cudart_linux-64=12.9.79=h3f2d84a_0
  - cuda-cuobjdump=12.9.82=hffce074_1
  - cuda-cupti=12.9.79=h676940d_2
  - cuda-nvcc-tools=12.9.86=he02047a_2
  - cuda-nvdisasm=12.9.88=hffce074_1
  - cuda-nvrtc=12.9.86=hecca717_1
  - cuda-nvtx=12.9.79=hecca717_1
  - cuda-nvvm-tools=12.9.86=h4bc722e_2
  - cuda-version=12.9=h4f385c5_3
  - debugpy=1.8.21=py311hc665b79_0
  - executing=2.2.1=pyhd8ed1ab_0
  - filelock=3.32.4=pyhd8ed1ab_0
  - flask=3.1.3=pyhcf101f3_1
  - fmt=12.1.0=h76c4fd7_1
  - fsspec=2026.7.0=pyhd8ed1ab_0
  - gmp=6.3.0=hfd2156b_3
  - gmpy2=2.3.1=py311hbc40be8_0
  - h2=4.4.1=pyhcf101f3_0
  - hpack=4.2.0=pyhd8ed1ab_0
  - hyperframe=6.1.0=pyhd8ed1ab_0
  - icu=78.3=py310h44b86e0_2
  - idna=3.19=pyhcf101f3_0
  - ipykernel=7.3.0=pyha191276_0
  - ipython=9.16.1=pyh53cf698_0
  - ipython_pygments_lexers=1.1.1=pyhd8ed1ab_0
  - itsdangerous=2.2.0=pyhd8ed1ab_1
  - jedi=0.20.0=pyhcf101f3_0
  - jinja2=3.1.6=pyhcf101f3_1
  - jupyter_client=8.9.1=pyhcf101f3_0
  - jupyter_core=5.9.1=pyhc90fa1f_0
  - keyutils=1.6.3=h7cc23a3_1
  - krb5=1.22.2=hbc21106_2
  - ld_impl_linux-64=2.46.1=default_hbd61a6d_102
  - libabseil=20260526.0=cxx17_h0dc7533_2
  - libblas=3.11.0=9_h5875eb1_mkl
  - libcap=2.78=h084b8d7_1
  - libcblas=3.11.0=9_hfef963f_mkl
  - libcublas=12.9.2.10=h676940d_0
  - libcudnn=9.10.2.21=hf7e9902_0
  - libcudss=0.8.0.10=h58dd1b1_0
  - libcufft=11.4.1.4=hecca717_1
  - libcufile=1.14.1.1=hbc026e6_1
  - libcurand=10.3.10.19=h676940d_1
  - libcusolver=11.7.5.82=h676940d_2
  - libcusparse=12.5.10.65=hecca717_2
  - libedit=3.1.20250104=pl5321h373387f_1
  - libexpat=2.8.1=hecca717_1
  - libffi=3.7.0=h3435931_0
  - libgcc=16.2.0=ha9f2e26_4
  - libgfortran=16.2.0=h69a702a_4
  - libgfortran5=16.2.0=h6b99dfc_4
  - libgomp=16.2.0=he0feb66_4
  - libhwloc=2.13.0=default_he001693_1000
  - libiconv=1.18=h0cb94f2_3
  - liblapack=3.11.0=9_h5e43f62_mkl
  - liblzma=5.8.3=hb03c661_1
  - libmagma=2.10.0=ha7672b3_0
  - libnl=3.11.0=hb03c661_1
  - libnsl=2.0.1=hb9d3cd8_1
  - libnvjitlink=12.9.86=hecca717_2
  - libopenblas=0.3.34=pthreads_h94d23a6_0
  - libprotobuf=7.35.1=h622638d_3
  - libsodium=1.0.22=hebe6cf0_2
  - libsqlite=3.53.4=h13e7031_1
  - libstdcxx=16.2.0=h934c35e_4
  - libsystemd0=261.2=h6f4a2f1_0
  - libtorch=2.13.0=cuda129_mkl_h546cc0b_302
  - libudev1=261.2=h6f4a2f1_0
  - libuuid=2.42.2=h5347b49_0
  - libuv=1.52.1=h280c20c_1
  - libxcrypt=4.4.38=h280c20c_0
  - libxml2=2.15.3=h49c6c72_1
  - libxml2-16=2.15.3=hca6bf5a_1
  - libzlib=1.3.2=h25fd6f3_3
  - llvm-openmp=23.1.0=h7148c6a_0
  - markupsafe=3.0.3=py311h3778330_1
  - matplotlib-inline=0.2.2=pyhd8ed1ab_0
  - mkl=2026.1.0=hd2095e1_245
  - mpc=1.4.0=ha2cb11d_1
  - mpfr=4.2.2=ha2cb11d_1
  - mpmath=1.4.1=pyhd8ed1ab_0
  - narwhals=2.25.0=pyhcf101f3_0
  - nccl=2.30.7.1=h4d09622_0
  - ncurses=6.6=hdb14827_1
  - nest-asyncio2=1.7.2=pyhcf101f3_0
  - networkx=3.6.1=pyhcf101f3_0
  - numpy=2.4.6=py311h2e04523_0
  - onednn=3.12=omp_h83de36e_0
  - openssl=3.6.4=h781a0a9_0
  - optree=0.20.0=py311h5f908af_0
  - packaging=26.3=pyhc364b38_0
  - pandas=3.0.5=py311h8032f78_1
  - parso=0.8.7=pyhcf101f3_0
  - pexpect=4.9.0=pyhd8ed1ab_1
  - pip=26.2.1=pyh8b19718_0
  - platformdirs=4.11.4=pyhcf101f3_0
  - plotly=6.9.0=pyhd8ed1ab_0
  - prompt-toolkit=3.0.53=pyha770c72_0
  - psutil=7.2.2=py311h194be0f_1
  - ptyprocess=0.7.0=pyhd8ed1ab_1
  - pure_eval=0.2.3=pyhd8ed1ab_1
  - pybind11=3.0.4=pyh293190f_0
  - pybind11-abi=11=hc364b38_1
  - pybind11-global=3.0.4=pyh648e204_0
  - pydantic=2.13.4=pyhcf101f3_0
  - pydantic-core=2.46.4=py311h902ca64_0
  - pygments=2.21.0=pyhcf101f3_0
  - pypdf=6.14.2=pyhcf101f3_0
  - pysocks=1.7.1=pyha55dd90_7
  - python=3.11.15=h8ab3286_2_cpython
  - python-dateutil=2.9.0.post0=pyhe01879c_2
  - python-dotenv=1.2.3=pyhcf101f3_0
  - python_abi=3.11=8_cp311
  - pytorch=2.13.0=cuda129_mkl_py311_ha5f21a1_302
  - pytorch-gpu=2.13.0=cuda129_mkl_h0d04637_302
  - pyzmq=27.2.0=py311hcbe55da_0
  - rdma-core=63.1=h192683f_0
  - readline=8.3=hd6e31c0_1
  - requests=2.34.2=pyhcf101f3_0
  - setuptools=81.0.0=pyh332efcf_0
  - six=1.17.0=pyhe01879c_1
  - sleef=3.9.0=ha0421bc_0
  - stack_data=0.6.3=pyhd8ed1ab_1
  - sympy=1.14.0=pyh2585a3b_106
  - tbb=2023.0.0=hab88423_2
  - tk=8.6.13=noxft_h1df4ec4_4
  - tornado=6.5.8=py311h49ec1c0_0
  - traitlets=5.16.1=pyhcf101f3_0
  - triton=3.7.1=cuda129py311h2e1fb5d_1
  - typing-extensions=4.16.0=h69aa097_0
  - typing-inspection=0.4.4=pyhcf101f3_0
  - typing_extensions=4.16.0=pyhcf101f3_0
  - tzdata=2026c=h151e31d_0
  - urllib3=2.7.0=pyhd8ed1ab_0
  - wcwidth=0.8.2=pyhd8ed1ab_0
  - werkzeug=3.1.8=pyhcf101f3_0
  - wheel=0.48.0=pyhd8ed1ab_0
  - zeromq=4.3.5=h09e67af_11
  - zstd=1.5.7=hb78ec9c_7
  - pip:
      - aiohappyeyeballs==2.7.1
      - aiohttp==3.14.3
      - aiosignal==1.4.0
      - aiosqlite==0.22.1
      - annotated-doc==0.0.5
      - anyio==4.14.2
      - attrs==26.1.0
      - banks==2.5.0
      - cffi==2.1.1
      - colorama==0.4.6
      - cryptography==50.0.1
      - dataclasses-json==0.6.7
      - defusedxml==0.7.1
      - deprecated==1.3.1
      - dirtyjson==1.0.8
      - distro==1.9.0
      - filetype==1.2.0
      - frozenlist==1.8.0
      - greenlet==3.5.5
      - griffe==2.2.0
      - griffecli==2.2.0
      - griffelib==2.2.0
      - h11==0.16.0
      - hf-xet==1.6.0
      - httpcore==1.0.9
      - httpx==0.28.1
      - httpx-sse==0.4.3
      - huggingface-hub==1.28.0
      - joblib==1.5.3
      - jsonpatch==1.33
      - jsonpointer==3.1.1
      - jsonschema==4.26.0
      - jsonschema-specifications==2025.9.1
      - langchain==1.3.16
      - langchain-core==1.6.0
      - langchain-mcp-adapters==0.3.2
      - langchain-mistralai==1.1.6
      - langchain-protocol==0.0.18
      - langgraph==1.2.11
      - langgraph-checkpoint==4.2.0
      - langgraph-prebuilt==1.1.0
      - langgraph-sdk==0.4.3
      - langsmith==0.11.1
      - llama-index-core==0.14.23
      - llama-index-embeddings-huggingface==0.7.0
      - llama-index-instrumentation==0.5.0
      - llama-index-workflows==2.23.3
      - markdown-it-py==4.2.0
      - marshmallow==3.26.2
      - mcp==1.29.1
      - mdurl==0.1.2
      - multidict==6.7.1
      - mypy-extensions==1.1.0
      - nest-asyncio==1.6.0
      - nltk==3.10.3
      - orjson==3.12.0
      - ormsgpack==1.12.2
      - pillow==12.3.0
      - propcache==0.5.2
      - pycparser==3.0
      - pydantic-settings==2.15.0
      - pyjwt==2.13.0
      - python-multipart==0.0.32
      - pyyaml==6.0.3
      - referencing==0.37.0
      - regex==2026.7.19
      - requests-toolbelt==1.0.0
      - rich==15.0.0
      - rpds-py==2026.6.3
      - safetensors==0.8.0
      - scikit-learn==1.9.0
      - scipy==1.17.1
      - sentence-transformers==5.7.0
      - shellingham==1.5.4
      - sniffio==1.3.1
      - sqlalchemy==2.0.52
      - sse-starlette==3.4.8
      - starlette==1.6.0
      - tenacity==9.1.4
      - threadpoolctl==3.6.0
      - tiktoken==0.14.0
      - tinytag==2.3.0
      - tokenizers==0.22.2
      - tqdm==4.70.0
      - transformers==5.15.1
      - typer==0.27.1
      - typing-inspect==0.9.0
      - uuid-utils==0.17.0
      - uvicorn==0.52.4
      - websockets==16.1.1
      - wrapt==2.3.0
      - xxhash==4.0.1
      - yarl==1.24.5
      - zstandard==0.25.0
